{
  "name": "backend",
  "lockfileVersion": 3,
  "requires": true,
  "packages": {
    "": {
      "dependencies": {
        "vtt.js": "^0.13.0"
      }
    },
    "node_modules/vtt.js": {
      "version": "0.13.0",
      "resolved": "https://registry.npmjs.org/vtt.js/-/vtt.js-0.13.0.tgz",
      "integrity": "sha512-t0OJvTmsryCOIHdLWmUPx6V3e0MRGaZMp0Cr5DETWrWNfg9RCHcQlF7X7zNF4mQxhtkyiVKOefdSErSB/KWgOA=="
    }
  }
}
